
Microsoft Visual Studio Solution File, Format Version 12.00
# Visual Studio Version 17
VisualStudioVersion = 17.14.36401.2 d17.14
MinimumVisualStudioVersion = 10.0.40219.1
Project("{FAE04EC0-301F-11D3-BF4B-00C04F79EFBC}") = "ColorsAjaxApp", "ColorsAjaxApp.csproj", "{9C9B45FC-99CA-F227-5D56-2497F9A1CFBB}"
EndProject
Global
	GlobalSection(SolutionConfigurationPlatforms) = preSolution
		Debug|Any CPU = Debug|Any CPU
		Release|Any CPU = Release|Any CPU
	EndGlobalSection
	GlobalSection(ProjectConfigurationPlatforms) = postSolution
		{9C9B45FC-99CA-F227-5D56-2497F9A1CFBB}.Debug|Any CPU.ActiveCfg = Debug|Any CPU
		{9C9B45FC-99CA-F227-5D56-2497F9A1CFBB}.Debug|Any CPU.Build.0 = Debug|Any CPU
		{9C9B45FC-99CA-F227-5D56-2497F9A1CFBB}.Release|Any CPU.ActiveCfg = Release|Any CPU
		{9C9B45FC-99CA-F227-5D56-2497F9A1CFBB}.Release|Any CPU.Build.0 = Release|Any CPU
	EndGlobalSection
	GlobalSection(SolutionProperties) = preSolution
		HideSolutionNode = FALSE
	EndGlobalSection
	GlobalSection(ExtensibilityGlobals) = postSolution
		SolutionGuid = {A2B08E93-E927-4A73-9730-53869883818C}
	EndGlobalSection
EndGlobal
